
Microsoft Visual Studio Solution File, Format Version 12.00
# Visual Studio Version 16
VisualStudioVersion = 16.0.30503.244
MinimumVisualStudioVersion = 10.0.40219.1
Project("{FAE04EC0-301F-11D3-BF4B-00C04F79EFBC}") = "BitCoinApp", "BitCoinApp\BitCoinApp.csproj", "{87B2EBC0-8D2B-4B35-873D-8D94D3977890}"
EndProject
Global
	GlobalSection(SolutionConfigurationPlatforms) = preSolution
		Debug|Any CPU = Debug|Any CPU
		Release|Any CPU = Release|Any CPU
	EndGlobalSection
	GlobalSection(ProjectConfigurationPlatforms) = postSolution
		{87B2EBC0-8D2B-4B35-873D-8D94D3977890}.Debug|Any CPU.ActiveCfg = Debug|Any CPU
		{87B2EBC0-8D2B-4B35-873D-8D94D3977890}.Debug|Any CPU.Build.0 = Debug|Any CPU
		{87B2EBC0-8D2B-4B35-873D-8D94D3977890}.Release|Any CPU.ActiveCfg = Release|Any CPU
		{87B2EBC0-8D2B-4B35-873D-8D94D3977890}.Release|Any CPU.Build.0 = Release|Any CPU
	EndGlobalSection
	GlobalSection(SolutionProperties) = preSolution
		HideSolutionNode = FALSE
	EndGlobalSection
	GlobalSection(ExtensibilityGlobals) = postSolution
		SolutionGuid = {2419E556-F06E-40A6-A326-1C85EFDDAE56}
	EndGlobalSection
EndGlobal
